
Microsoft Visual Studio Solution File, Format Version 12.00
# Visual Studio Version 16
VisualStudioVersion = 16.0.30011.22
MinimumVisualStudioVersion = 10.0.40219.1
Project("{8BC9CEB8-8B4A-11D0-8D11-00A0C91BC942}") = "GazeInference_WinCpp", "GazeInference_WinCpp\GazeInference_WinCpp.vcxproj", "{D74990CE-DE7C-4118-8C43-490F775BC638}"
EndProject
Global
	GlobalSection(SolutionConfigurationPlatforms) = preSolution
		Debug|Any CPU = Debug|Any CPU
		Debug|ARM = Debug|ARM
		Debug|ARM64 = Debug|ARM64
		Debug|x64 = Debug|x64
		Debug|x86 = Debug|x86
		Demo|Any CPU = Demo|Any CPU
		Demo|ARM = Demo|ARM
		Demo|ARM64 = Demo|ARM64
		Demo|x64 = Demo|x64
		Demo|x86 = Demo|x86
		DML|Any CPU = DML|Any CPU
		DML|ARM = DML|ARM
		DML|ARM64 = DML|ARM64
		DML|x64 = DML|x64
		DML|x86 = DML|x86
		Release|Any CPU = Release|Any CPU
		Release|ARM = Release|ARM
		Release|ARM64 = Release|ARM64
		Release|x64 = Release|x64
		Release|x86 = Release|x86
	EndGlobalSection
	GlobalSection(ProjectConfigurationPlatforms) = postSolution
		{D74990CE-DE7C-4118-8C43-490F775BC638}.Debug|Any CPU.ActiveCfg = Debug|Win32
		{D74990CE-DE7C-4118-8C43-490F775BC638}.Debug|ARM.ActiveCfg = Debug|Win32
		{D74990CE-DE7C-4118-8C43-490F775BC638}.Debug|ARM64.ActiveCfg = Debug|Win32
		{D74990CE-DE7C-4118-8C43-490F775BC638}.Debug|x64.ActiveCfg = Debug|x64
		{D74990CE-DE7C-4118-8C43-490F775BC638}.Debug|x64.Build.0 = Debug|x64
		{D74990CE-DE7C-4118-8C43-490F775BC638}.Debug|x86.ActiveCfg = Debug|Win32
		{D74990CE-DE7C-4118-8C43-490F775BC638}.Debug|x86.Build.0 = Debug|Win32
		{D74990CE-DE7C-4118-8C43-490F775BC638}.Demo|Any CPU.ActiveCfg = Demo|Win32
		{D74990CE-DE7C-4118-8C43-490F775BC638}.Demo|ARM.ActiveCfg = Demo|Win32
		{D74990CE-DE7C-4118-8C43-490F775BC638}.Demo|ARM64.ActiveCfg = Demo|Win32
		{D74990CE-DE7C-4118-8C43-490F775BC638}.Demo|x64.ActiveCfg = Demo|x64
		{D74990CE-DE7C-4118-8C43-490F775BC638}.Demo|x64.Build.0 = Demo|x64
		{D74990CE-DE7C-4118-8C43-490F775BC638}.Demo|x86.ActiveCfg = Demo|Win32
		{D74990CE-DE7C-4118-8C43-490F775BC638}.Demo|x86.Build.0 = Demo|Win32
		{D74990CE-DE7C-4118-8C43-490F775BC638}.DML|Any CPU.ActiveCfg = DML|Win32
		{D74990CE-DE7C-4118-8C43-490F775BC638}.DML|Any CPU.Build.0 = DML|Win32
		{D74990CE-DE7C-4118-8C43-490F775BC638}.DML|ARM.ActiveCfg = DML|Win32
		{D74990CE-DE7C-4118-8C43-490F775BC638}.DML|ARM64.ActiveCfg = DML|Win32
		{D74990CE-DE7C-4118-8C43-490F775BC638}.DML|x64.ActiveCfg = DML|x64
		{D74990CE-DE7C-4118-8C43-490F775BC638}.DML|x64.Build.0 = DML|x64
		{D74990CE-DE7C-4118-8C43-490F775BC638}.DML|x86.ActiveCfg = DML|Win32
		{D74990CE-DE7C-4118-8C43-490F775BC638}.DML|x86.Build.0 = DML|Win32
		{D74990CE-DE7C-4118-8C43-490F775BC638}.Release|Any CPU.ActiveCfg = Release|Win32
		{D74990CE-DE7C-4118-8C43-490F775BC638}.Release|ARM.ActiveCfg = Release|Win32
		{D74990CE-DE7C-4118-8C43-490F775BC638}.Release|ARM64.ActiveCfg = Release|Win32
		{D74990CE-DE7C-4118-8C43-490F775BC638}.Release|x64.ActiveCfg = Release|x64
		{D74990CE-DE7C-4118-8C43-490F775BC638}.Release|x64.Build.0 = Release|x64
		{D74990CE-DE7C-4118-8C43-490F775BC638}.Release|x86.ActiveCfg = Release|Win32
		{D74990CE-DE7C-4118-8C43-490F775BC638}.Release|x86.Build.0 = Release|Win32
	EndGlobalSection
	GlobalSection(SolutionProperties) = preSolution
		HideSolutionNode = FALSE
	EndGlobalSection
	GlobalSection(ExtensibilityGlobals) = postSolution
		SolutionGuid = {D70F1B31-7850-4FFA-AE68-FAACD07B6656}
	EndGlobalSection
EndGlobal
