
Microsoft Visual Studio Solution File, Format Version 12.00
# Visual Studio Version 16
VisualStudioVersion = 16.0.30011.22
MinimumVisualStudioVersion = 10.0.40219.1
Project("{9A19103F-16F7-4668-BE54-9A1E7A4F7556}") = "GazeInference-Console", "GazeInference-Console\GazeInference-Console.csproj", "{917DAEE8-3DE6-41DC-8759-236013AC347B}"
EndProject
Project("{FAE04EC0-301F-11D3-BF4B-00C04F79EFBC}") = "GazeInference-UWP", "GazeInference-UWP\GazeInference-UWP.csproj", "{00C705BF-D795-4C49-876F-3F540699CC15}"
EndProject
Project("{9A19103F-16F7-4668-BE54-9A1E7A4F7556}") = "GazeInference-Library", "GazeInference-Library\GazeInference-Library.csproj", "{34B105B0-BFC7-4FA8-B132-1ADBE0A69465}"
EndProject
Project("{8BC9CEB8-8B4A-11D0-8D11-00A0C91BC942}") = "GazeInference_UWP_Cpp", "GazeInference_UWP_Cpp\GazeInference_UWP_Cpp.vcxproj", "{4E381871-D289-4C5A-9C25-37F63670250B}"
EndProject
Global
	GlobalSection(SolutionConfigurationPlatforms) = preSolution
		Debug|Any CPU = Debug|Any CPU
		Debug|ARM = Debug|ARM
		Debug|ARM64 = Debug|ARM64
		Debug|x64 = Debug|x64
		Debug|x86 = Debug|x86
		Release|Any CPU = Release|Any CPU
		Release|ARM = Release|ARM
		Release|ARM64 = Release|ARM64
		Release|x64 = Release|x64
		Release|x86 = Release|x86
	EndGlobalSection
	GlobalSection(ProjectConfigurationPlatforms) = postSolution
		{917DAEE8-3DE6-41DC-8759-236013AC347B}.Debug|Any CPU.ActiveCfg = Debug|Any CPU
		{917DAEE8-3DE6-41DC-8759-236013AC347B}.Debug|Any CPU.Build.0 = Debug|Any CPU
		{917DAEE8-3DE6-41DC-8759-236013AC347B}.Debug|ARM.ActiveCfg = Debug|Any CPU
		{917DAEE8-3DE6-41DC-8759-236013AC347B}.Debug|ARM.Build.0 = Debug|Any CPU
		{917DAEE8-3DE6-41DC-8759-236013AC347B}.Debug|ARM64.ActiveCfg = Debug|Any CPU
		{917DAEE8-3DE6-41DC-8759-236013AC347B}.Debug|ARM64.Build.0 = Debug|Any CPU
		{917DAEE8-3DE6-41DC-8759-236013AC347B}.Debug|x64.ActiveCfg = Debug|x64
		{917DAEE8-3DE6-41DC-8759-236013AC347B}.Debug|x64.Build.0 = Debug|x64
		{917DAEE8-3DE6-41DC-8759-236013AC347B}.Debug|x86.ActiveCfg = Debug|Any CPU
		{917DAEE8-3DE6-41DC-8759-236013AC347B}.Debug|x86.Build.0 = Debug|Any CPU
		{917DAEE8-3DE6-41DC-8759-236013AC347B}.Release|Any CPU.ActiveCfg = Release|Any CPU
		{917DAEE8-3DE6-41DC-8759-236013AC347B}.Release|Any CPU.Build.0 = Release|Any CPU
		{917DAEE8-3DE6-41DC-8759-236013AC347B}.Release|ARM.ActiveCfg = Release|Any CPU
		{917DAEE8-3DE6-41DC-8759-236013AC347B}.Release|ARM.Build.0 = Release|Any CPU
		{917DAEE8-3DE6-41DC-8759-236013AC347B}.Release|ARM64.ActiveCfg = Release|Any CPU
		{917DAEE8-3DE6-41DC-8759-236013AC347B}.Release|ARM64.Build.0 = Release|Any CPU
		{917DAEE8-3DE6-41DC-8759-236013AC347B}.Release|x64.ActiveCfg = Release|x64
		{917DAEE8-3DE6-41DC-8759-236013AC347B}.Release|x64.Build.0 = Release|x64
		{917DAEE8-3DE6-41DC-8759-236013AC347B}.Release|x86.ActiveCfg = Release|Any CPU
		{917DAEE8-3DE6-41DC-8759-236013AC347B}.Release|x86.Build.0 = Release|Any CPU
		{00C705BF-D795-4C49-876F-3F540699CC15}.Debug|Any CPU.ActiveCfg = Debug|x86
		{00C705BF-D795-4C49-876F-3F540699CC15}.Debug|ARM.ActiveCfg = Debug|ARM
		{00C705BF-D795-4C49-876F-3F540699CC15}.Debug|ARM.Build.0 = Debug|ARM
		{00C705BF-D795-4C49-876F-3F540699CC15}.Debug|ARM.Deploy.0 = Debug|ARM
		{00C705BF-D795-4C49-876F-3F540699CC15}.Debug|ARM64.ActiveCfg = Debug|ARM64
		{00C705BF-D795-4C49-876F-3F540699CC15}.Debug|ARM64.Build.0 = Debug|ARM64
		{00C705BF-D795-4C49-876F-3F540699CC15}.Debug|ARM64.Deploy.0 = Debug|ARM64
		{00C705BF-D795-4C49-876F-3F540699CC15}.Debug|x64.ActiveCfg = Debug|x64
		{00C705BF-D795-4C49-876F-3F540699CC15}.Debug|x64.Build.0 = Debug|x64
		{00C705BF-D795-4C49-876F-3F540699CC15}.Debug|x64.Deploy.0 = Debug|x64
		{00C705BF-D795-4C49-876F-3F540699CC15}.Debug|x86.ActiveCfg = Debug|x86
		{00C705BF-D795-4C49-876F-3F540699CC15}.Debug|x86.Build.0 = Debug|x86
		{00C705BF-D795-4C49-876F-3F540699CC15}.Debug|x86.Deploy.0 = Debug|x86
		{00C705BF-D795-4C49-876F-3F540699CC15}.Release|Any CPU.ActiveCfg = Release|x86
		{00C705BF-D795-4C49-876F-3F540699CC15}.Release|ARM.ActiveCfg = Release|ARM
		{00C705BF-D795-4C49-876F-3F540699CC15}.Release|ARM.Build.0 = Release|ARM
		{00C705BF-D795-4C49-876F-3F540699CC15}.Release|ARM.Deploy.0 = Release|ARM
		{00C705BF-D795-4C49-876F-3F540699CC15}.Release|ARM64.ActiveCfg = Release|ARM64
		{00C705BF-D795-4C49-876F-3F540699CC15}.Release|ARM64.Build.0 = Release|ARM64
		{00C705BF-D795-4C49-876F-3F540699CC15}.Release|ARM64.Deploy.0 = Release|ARM64
		{00C705BF-D795-4C49-876F-3F540699CC15}.Release|x64.ActiveCfg = Release|x64
		{00C705BF-D795-4C49-876F-3F540699CC15}.Release|x64.Build.0 = Release|x64
		{00C705BF-D795-4C49-876F-3F540699CC15}.Release|x64.Deploy.0 = Release|x64
		{00C705BF-D795-4C49-876F-3F540699CC15}.Release|x86.ActiveCfg = Release|x86
		{00C705BF-D795-4C49-876F-3F540699CC15}.Release|x86.Build.0 = Release|x86
		{00C705BF-D795-4C49-876F-3F540699CC15}.Release|x86.Deploy.0 = Release|x86
		{34B105B0-BFC7-4FA8-B132-1ADBE0A69465}.Debug|Any CPU.ActiveCfg = Debug|Any CPU
		{34B105B0-BFC7-4FA8-B132-1ADBE0A69465}.Debug|Any CPU.Build.0 = Debug|Any CPU
		{34B105B0-BFC7-4FA8-B132-1ADBE0A69465}.Debug|ARM.ActiveCfg = Debug|Any CPU
		{34B105B0-BFC7-4FA8-B132-1ADBE0A69465}.Debug|ARM.Build.0 = Debug|Any CPU
		{34B105B0-BFC7-4FA8-B132-1ADBE0A69465}.Debug|ARM64.ActiveCfg = Debug|Any CPU
		{34B105B0-BFC7-4FA8-B132-1ADBE0A69465}.Debug|ARM64.Build.0 = Debug|Any CPU
		{34B105B0-BFC7-4FA8-B132-1ADBE0A69465}.Debug|x64.ActiveCfg = Debug|Any CPU
		{34B105B0-BFC7-4FA8-B132-1ADBE0A69465}.Debug|x64.Build.0 = Debug|Any CPU
		{34B105B0-BFC7-4FA8-B132-1ADBE0A69465}.Debug|x86.ActiveCfg = Debug|Any CPU
		{34B105B0-BFC7-4FA8-B132-1ADBE0A69465}.Debug|x86.Build.0 = Debug|Any CPU
		{34B105B0-BFC7-4FA8-B132-1ADBE0A69465}.Release|Any CPU.ActiveCfg = Release|Any CPU
		{34B105B0-BFC7-4FA8-B132-1ADBE0A69465}.Release|Any CPU.Build.0 = Release|Any CPU
		{34B105B0-BFC7-4FA8-B132-1ADBE0A69465}.Release|ARM.ActiveCfg = Release|Any CPU
		{34B105B0-BFC7-4FA8-B132-1ADBE0A69465}.Release|ARM.Build.0 = Release|Any CPU
		{34B105B0-BFC7-4FA8-B132-1ADBE0A69465}.Release|ARM64.ActiveCfg = Release|Any CPU
		{34B105B0-BFC7-4FA8-B132-1ADBE0A69465}.Release|ARM64.Build.0 = Release|Any CPU
		{34B105B0-BFC7-4FA8-B132-1ADBE0A69465}.Release|x64.ActiveCfg = Release|Any CPU
		{34B105B0-BFC7-4FA8-B132-1ADBE0A69465}.Release|x64.Build.0 = Release|Any CPU
		{34B105B0-BFC7-4FA8-B132-1ADBE0A69465}.Release|x86.ActiveCfg = Release|Any CPU
		{34B105B0-BFC7-4FA8-B132-1ADBE0A69465}.Release|x86.Build.0 = Release|Any CPU
		{4E381871-D289-4C5A-9C25-37F63670250B}.Debug|Any CPU.ActiveCfg = Debug|Win32
		{4E381871-D289-4C5A-9C25-37F63670250B}.Debug|ARM.ActiveCfg = Debug|ARM
		{4E381871-D289-4C5A-9C25-37F63670250B}.Debug|ARM.Build.0 = Debug|ARM
		{4E381871-D289-4C5A-9C25-37F63670250B}.Debug|ARM.Deploy.0 = Debug|ARM
		{4E381871-D289-4C5A-9C25-37F63670250B}.Debug|ARM64.ActiveCfg = Debug|ARM64
		{4E381871-D289-4C5A-9C25-37F63670250B}.Debug|ARM64.Build.0 = Debug|ARM64
		{4E381871-D289-4C5A-9C25-37F63670250B}.Debug|ARM64.Deploy.0 = Debug|ARM64
		{4E381871-D289-4C5A-9C25-37F63670250B}.Debug|x64.ActiveCfg = Debug|x64
		{4E381871-D289-4C5A-9C25-37F63670250B}.Debug|x64.Build.0 = Debug|x64
		{4E381871-D289-4C5A-9C25-37F63670250B}.Debug|x64.Deploy.0 = Debug|x64
		{4E381871-D289-4C5A-9C25-37F63670250B}.Debug|x86.ActiveCfg = Debug|Win32
		{4E381871-D289-4C5A-9C25-37F63670250B}.Debug|x86.Build.0 = Debug|Win32
		{4E381871-D289-4C5A-9C25-37F63670250B}.Debug|x86.Deploy.0 = Debug|Win32
		{4E381871-D289-4C5A-9C25-37F63670250B}.Release|Any CPU.ActiveCfg = Release|Win32
		{4E381871-D289-4C5A-9C25-37F63670250B}.Release|ARM.ActiveCfg = Release|ARM
		{4E381871-D289-4C5A-9C25-37F63670250B}.Release|ARM.Build.0 = Release|ARM
		{4E381871-D289-4C5A-9C25-37F63670250B}.Release|ARM.Deploy.0 = Release|ARM
		{4E381871-D289-4C5A-9C25-37F63670250B}.Release|ARM64.ActiveCfg = Release|ARM64
		{4E381871-D289-4C5A-9C25-37F63670250B}.Release|ARM64.Build.0 = Release|ARM64
		{4E381871-D289-4C5A-9C25-37F63670250B}.Release|ARM64.Deploy.0 = Release|ARM64
		{4E381871-D289-4C5A-9C25-37F63670250B}.Release|x64.ActiveCfg = Release|x64
		{4E381871-D289-4C5A-9C25-37F63670250B}.Release|x64.Build.0 = Release|x64
		{4E381871-D289-4C5A-9C25-37F63670250B}.Release|x64.Deploy.0 = Release|x64
		{4E381871-D289-4C5A-9C25-37F63670250B}.Release|x86.ActiveCfg = Release|Win32
		{4E381871-D289-4C5A-9C25-37F63670250B}.Release|x86.Build.0 = Release|Win32
		{4E381871-D289-4C5A-9C25-37F63670250B}.Release|x86.Deploy.0 = Release|Win32
	EndGlobalSection
	GlobalSection(SolutionProperties) = preSolution
		HideSolutionNode = FALSE
	EndGlobalSection
	GlobalSection(ExtensibilityGlobals) = postSolution
		SolutionGuid = {D70F1B31-7850-4FFA-AE68-FAACD07B6656}
	EndGlobalSection
EndGlobal
