
Microsoft Visual Studio Solution File, Format Version 12.00
# Visual Studio Version 16
VisualStudioVersion = 16.0.30011.22
MinimumVisualStudioVersion = 10.0.40219.1
Project("{8BC9CEB8-8B4A-11D0-8D11-00A0C91BC942}") = "GazeInference_WinCpp", "GazeInference_WinCpp\GazeInference_WinCpp.vcxproj", "{D74990CE-DE7C-4118-8C43-490F775BC638}"
EndProject
Global
	GlobalSection(SolutionConfigurationPlatforms) = preSolution
		CPU|x64 = CPU|x64
		Release|x64 = Release|x64
		VINO|x64 = VINO|x64
	EndGlobalSection
	GlobalSection(ProjectConfigurationPlatforms) = postSolution
		{D74990CE-DE7C-4118-8C43-490F775BC638}.CPU|x64.ActiveCfg = CPU|x64
		{D74990CE-DE7C-4118-8C43-490F775BC638}.CPU|x64.Build.0 = CPU|x64
		{D74990CE-DE7C-4118-8C43-490F775BC638}.Release|x64.ActiveCfg = Release|x64
		{D74990CE-DE7C-4118-8C43-490F775BC638}.Release|x64.Build.0 = Release|x64
		{D74990CE-DE7C-4118-8C43-490F775BC638}.VINO|x64.ActiveCfg = VINO|x64
		{D74990CE-DE7C-4118-8C43-490F775BC638}.VINO|x64.Build.0 = VINO|x64
	EndGlobalSection
	GlobalSection(SolutionProperties) = preSolution
		HideSolutionNode = FALSE
	EndGlobalSection
	GlobalSection(ExtensibilityGlobals) = postSolution
		SolutionGuid = {D70F1B31-7850-4FFA-AE68-FAACD07B6656}
	EndGlobalSection
EndGlobal
