<?xml version="1.0" encoding="utf-8"?>
<Project ToolsVersion="4.0" xmlns="http://schemas.microsoft.com/developer/msbuild/2003">
  <ItemGroup>
    <Filter Include="Source Files">
      <UniqueIdentifier>{4FC737F1-C7A5-4376-A066-2A32D752A2FF}</UniqueIdentifier>
      <Extensions>cpp;c;cc;cxx;c++;cppm;ixx;def;odl;idl;hpj;bat;asm;asmx</Extensions>
    </Filter>
    <Filter Include="Header Files">
      <UniqueIdentifier>{93995380-89BD-4b04-88EB-625FBE52EBFB}</UniqueIdentifier>
      <Extensions>h;hh;hpp;hxx;h++;hm;inl;inc;ipp;xsd</Extensions>
    </Filter>
    <Filter Include="Resource Files">
      <UniqueIdentifier>{67DA6AB6-F800-4c08-8B7A-83BB121AAD01}</UniqueIdentifier>
      <Extensions>rc;ico;cur;bmp;dlg;rc2;rct;bin;rgs;gif;jpg;jpeg;jpe;resx;tiff;tif;png;wav;mfcribbon-ms</Extensions>
    </Filter>
    <Filter Include="assets">
      <UniqueIdentifier>{d133829d-f5c3-411b-a971-62bd5b56acf9}</UniqueIdentifier>
    </Filter>
  </ItemGroup>
  <ItemGroup>
    <ClInclude Include="framework.h">
      <Filter>Header Files</Filter>
    </ClInclude>
    <ClInclude Include="targetver.h">
      <Filter>Header Files</Filter>
    </ClInclude>
    <ClInclude Include="Resource.h">
      <Filter>Header Files</Filter>
    </ClInclude>
    <ClInclude Include="GazeInference_WinCpp.h">
      <Filter>Header Files</Filter>
    </ClInclude>
    <ClInclude Include="Utils.h">
      <Filter>Header Files</Filter>
    </ClInclude>
    <ClInclude Include="logging.h">
      <Filter>Header Files</Filter>
    </ClInclude>
    <ClInclude Include="Preview.h">
      <Filter>Header Files</Filter>
    </ClInclude>
    <ClInclude Include="FrameCapture.h">
      <Filter>Header Files</Filter>
    </ClInclude>
    <ClInclude Include="cv_constants.h">
      <Filter>Header Files</Filter>
    </ClInclude>
    <ClInclude Include="Model.h">
      <Filter>Header Files</Filter>
    </ClInclude>
    <ClInclude Include="ITrackerModel.h">
      <Filter>Header Files</Filter>
    </ClInclude>
    <ClInclude Include="LiveCapture.h">
      <Filter>Header Files</Filter>
    </ClInclude>
    <ClInclude Include="UltraFaceNet.h">
      <Filter>Header Files</Filter>
    </ClInclude>
    <ClInclude Include="Config.h">
      <Filter>Header Files</Filter>
    </ClInclude>
    <ClInclude Include="cam2screen.h">
      <Filter>Header Files</Filter>
    </ClInclude>
    <ClInclude Include="DelaunayCalibrator.h">
      <Filter>Header Files</Filter>
    </ClInclude>
    <ClInclude Include="GenMatrix.h">
      <Filter>Header Files</Filter>
    </ClInclude>
    <ClInclude Include="Matrix.h">
      <Filter>Header Files</Filter>
    </ClInclude>
    <ClInclude Include="LinearRBFTypes.h">
      <Filter>Header Files</Filter>
    </ClInclude>
    <ClInclude Include="LinearRBF.h">
      <Filter>Header Files</Filter>
    </ClInclude>
    <ClInclude Include="LinearRBFCalibrator.h">
      <Filter>Header Files</Filter>
    </ClInclude>
    <ClInclude Include="Calibrator.h">
      <Filter>Header Files</Filter>
    </ClInclude>
    <ClInclude Include="FaceDetector.h">
      <Filter>Header Files</Filter>
    </ClInclude>
  </ItemGroup>
  <ItemGroup>
    <ClCompile Include="GazeInference_WinCpp.cpp">
      <Filter>Source Files</Filter>
    </ClCompile>
    <ClCompile Include="Preview.cpp">
      <Filter>Source Files</Filter>
    </ClCompile>
    <ClCompile Include="FrameCapture.cpp">
      <Filter>Source Files</Filter>
    </ClCompile>
    <ClCompile Include="GenMatrix.cpp">
      <Filter>Source Files</Filter>
    </ClCompile>
    <ClCompile Include="Matrix.cpp">
      <Filter>Source Files</Filter>
    </ClCompile>
    <ClCompile Include="LinearRBF.cpp">
      <Filter>Source Files</Filter>
    </ClCompile>
  </ItemGroup>
  <ItemGroup>
    <ResourceCompile Include="GazeInference_WinCpp.rc">
      <Filter>Resource Files</Filter>
    </ResourceCompile>
  </ItemGroup>
  <ItemGroup>
    <Image Include="small.ico">
      <Filter>Resource Files</Filter>
    </Image>
    <Image Include="GazeInference_WinCpp.ico">
      <Filter>Resource Files</Filter>
    </Image>
  </ItemGroup>
  <ItemGroup>
    <None Include="assets\shape_predictor_68_face_landmarks.dat">
      <Filter>assets</Filter>
    </None>
    <None Include="assets\itracker.onnx">
      <Filter>assets</Filter>
    </None>
    <None Include="assets\version-RFB-320_without_postprocessing.onnx">
      <Filter>assets</Filter>
    </None>
    <None Include="assets\version-slim-320_without_postprocessing.onnx">
      <Filter>assets</Filter>
    </None>
    <None Include="packages.config" />
    <None Include="..\README.md" />
    <None Include="$(MSBuildThisFileDirectory)..\..\runtimes\win-x64\native\onnxruntime.dll" />
    <None Include="$(MSBuildThisFileDirectory)..\..\runtimes\win-x64\native\onnxruntime.dll" />
  </ItemGroup>
</Project>