<?xml version="1.0" encoding="utf-8"?>
<Project ToolsVersion="4.0" xmlns="http://schemas.microsoft.com/developer/msbuild/2003">
  <ItemGroup>
    <Filter Include="Source Files">
      <UniqueIdentifier>{4FC737F1-C7A5-4376-A066-2A32D752A2FF}</UniqueIdentifier>
      <Extensions>cpp;c;cc;cxx;c++;cppm;ixx;def;odl;idl;hpj;bat;asm;asmx</Extensions>
    </Filter>
    <Filter Include="Header Files">
      <UniqueIdentifier>{93995380-89BD-4b04-88EB-625FBE52EBFB}</UniqueIdentifier>
      <Extensions>h;hh;hpp;hxx;h++;hm;inl;inc;ipp;xsd</Extensions>
    </Filter>
    <Filter Include="Resource Files">
      <UniqueIdentifier>{67DA6AB6-F800-4c08-8B7A-83BB121AAD01}</UniqueIdentifier>
      <Extensions>rc;ico;cur;bmp;dlg;rc2;rct;bin;rgs;gif;jpg;jpeg;jpe;resx;tiff;tif;png;wav;mfcribbon-ms</Extensions>
    </Filter>
    <Filter Include="assets">
      <UniqueIdentifier>{d133829d-f5c3-411b-a971-62bd5b56acf9}</UniqueIdentifier>
    </Filter>
  </ItemGroup>
  <ItemGroup>
    <ClInclude Include="framework.h">
      <Filter>Header Files</Filter>
    </ClInclude>
    <ClInclude Include="targetver.h">
      <Filter>Header Files</Filter>
    </ClInclude>
    <ClInclude Include="Resource.h">
      <Filter>Header Files</Filter>
    </ClInclude>
    <ClInclude Include="GazeInference_WinCpp.h">
      <Filter>Header Files</Filter>
    </ClInclude>
    <ClInclude Include="Utils.h">
      <Filter>Header Files</Filter>
    </ClInclude>
    <ClInclude Include="mnist.h">
      <Filter>Header Files</Filter>
    </ClInclude>
    <ClInclude Include="squeezenet.h">
      <Filter>Header Files</Filter>
    </ClInclude>
  </ItemGroup>
  <ItemGroup>
    <ClCompile Include="GazeInference_WinCpp_MNIST.cpp">
      <Filter>Source Files</Filter>
    </ClCompile>
    <ClCompile Include="GazeInference_WinCpp.cpp">
      <Filter>Source Files</Filter>
    </ClCompile>
  </ItemGroup>
  <ItemGroup>
    <ResourceCompile Include="GazeInference_WinCpp.rc">
      <Filter>Resource Files</Filter>
    </ResourceCompile>
  </ItemGroup>
  <ItemGroup>
    <Image Include="small.ico">
      <Filter>Resource Files</Filter>
    </Image>
    <Image Include="GazeInference_WinCpp.ico">
      <Filter>Resource Files</Filter>
    </Image>
    <Image Include="assets\kitten_224.png">
      <Filter>assets</Filter>
    </Image>
  </ItemGroup>
  <ItemGroup>
    <None Include="..\libraries\onnxruntime.dll" />
    <None Include="..\libraries\onnxruntime.pdb" />
    <None Include="..\libraries\opencv_world451d.pdb" />
    <None Include="..\libraries\opencv_world451d.dll" />
    <None Include="assets\SqueezeNet.onnx">
      <Filter>assets</Filter>
    </None>
  </ItemGroup>
  <ItemGroup>
    <Library Include="..\libraries\onnxruntime.lib" />
    <Library Include="..\libraries\opencv_world451d.lib" />
  </ItemGroup>
  <ItemGroup>
    <Text Include="assets\Labels.txt">
      <Filter>assets</Filter>
    </Text>
  </ItemGroup>
</Project>